
Microsoft Visual Studio Solution File, Format Version 12.00
# Visual Studio Version 16
VisualStudioVersion = 16.0.31613.86
MinimumVisualStudioVersion = 10.0.40219.1
Project("{FAE04EC0-301F-11D3-BF4B-00C04F79EFBC}") = "TacoCatMVC", "TacoCatMVC\TacoCatMVC.csproj", "{BA659600-3459-4D1B-A032-9E59C9E69A7B}"
EndProject
Global
	GlobalSection(SolutionConfigurationPlatforms) = preSolution
		Debug|Any CPU = Debug|Any CPU
		Release|Any CPU = Release|Any CPU
	EndGlobalSection
	GlobalSection(ProjectConfigurationPlatforms) = postSolution
		{BA659600-3459-4D1B-A032-9E59C9E69A7B}.Debug|Any CPU.ActiveCfg = Debug|Any CPU
		{BA659600-3459-4D1B-A032-9E59C9E69A7B}.Debug|Any CPU.Build.0 = Debug|Any CPU
		{BA659600-3459-4D1B-A032-9E59C9E69A7B}.Release|Any CPU.ActiveCfg = Release|Any CPU
		{BA659600-3459-4D1B-A032-9E59C9E69A7B}.Release|Any CPU.Build.0 = Release|Any CPU
	EndGlobalSection
	GlobalSection(SolutionProperties) = preSolution
		HideSolutionNode = FALSE
	EndGlobalSection
	GlobalSection(ExtensibilityGlobals) = postSolution
		SolutionGuid = {DE6DCFDB-4BBD-4241-82C3-3BB7ECD24491}
	EndGlobalSection
EndGlobal
